[[package]]
name = "opencolorio"
version = "2.2.1"
description = "OpenColorIO (OCIO) is a complete color management solution geared towards motion picture production with an emphasis on visual effects and computer animation."
category = "main"
optional = false
python-versions = "*"

[[package]]
name = "pyyaml"
version = "3.13"
description = "YAML parser and emitter for Python"
category = "main"
optional = false
python-versions = "*"

[metadata]
lock-version = "1.1"
python-versions = "^3.9"
content-hash = "bcf4c13780f7507f47ce2d253a495970227d92668b6fe75ad03e0a2e17fc0d90"

[metadata.files]
opencolorio = [
    {file = "opencolorio-2.2.1-cp310-cp310-macosx_10_13_x86_64.whl", hash = "sha256:a9feec76e450325f12203264194d905a938d5e7944772b806886f9531e406d42"},
    {file = "opencolorio-2.2.1-cp310-cp310-macosx_11_0_arm64.whl", hash = "sha256:7eeae01328b359408940a1f29d53b15b034755413d95d08781b76084ee14cbb1"},
    {file = "opencolorio-2.2.1-cp310-cp310-manylinux_2_17_aarch64.manylinux2014_aarch64.whl", hash = "sha256:85b63a9162e99f0f29ef4074017d1b6e8caf59096043fb91cbacfc5bc01fa0b9"},
    {file = "opencolorio-2.2.1-cp310-cp310-manylinux_2_17_x86_64.manylinux2014_x86_64.whl", hash = "sha256:67d19ea54daff2b209b91981da415aa41ea8e3a60fecd5dd843ae13272d38dcf"},
    {file = "opencolorio-2.2.1-cp310-cp310-win_amd64.whl", hash = "sha256:da0043a1007d269b5da3c8ca1de8c63926b38bf5e08cfade6cb8f2f5f6b663b9"},
    {file = "opencolorio-2.2.1-cp311-cp311-macosx_10_13_x86_64.whl", hash = "sha256:62180cec075cae8dff56eeb977132eb9755d7fe312d8d34236cba838cb9314b3"},
    {file = "opencolorio-2.2.1-cp311-cp311-macosx_11_0_arm64.whl", hash = "sha256:24b7bfc4b77c04845de847373e58232c48838042d5e45e027b8bf64bada988e3"},
    {file = "opencolorio-2.2.1-cp311-cp311-manylinux_2_17_aarch64.manylinux2014_aarch64.whl", hash = "sha256:41cadab13b18dbedd992df2056c787cf38bf89a5b0903b90f701d5228ac496f9"},
    {file = "opencolorio-2.2.1-cp311-cp311-manylinux_2_17_x86_64.manylinux2014_x86_64.whl", hash = "sha256:fa278dd4414791a5605e685b562b6ad1c729a4a44c1c906151f5bca10c0ff10e"},
    {file = "opencolorio-2.2.1-cp311-cp311-win_amd64.whl", hash = "sha256:7b44858c26b662ec42b089f8f85ea3aa63aa04e0e58e902a4cbf8cae0fbd4c6c"},
    {file = "opencolorio-2.2.1-cp37-cp37m-macosx_10_13_x86_64.whl", hash = "sha256:07fce0d36a6041b524b2122b9f55fbd03e029def5a22e93822041b652b60590a"},
    {file = "opencolorio-2.2.1-cp37-cp37m-manylinux_2_17_aarch64.manylinux2014_aarch64.whl", hash = "sha256:ae043bc588d9ee98f54fe9524481eba5634d6dd70d0c70e1bd242b60a3a81731"},
    {file = "opencolorio-2.2.1-cp37-cp37m-manylinux_2_17_x86_64.manylinux2014_x86_64.whl", hash = "sha256:3a4ad1a4ed5742a7dda41f0548274e8328b2774ce04dfc31fd5dfbacabc4c166"},
    {file = "opencolorio-2.2.1-cp37-cp37m-win_amd64.whl", hash = "sha256:9bd885e34898c204db19a9e6926c551a74bda6d8e7d3ef27596630e3422b99b1"},
    {file = "opencolorio-2.2.1-cp38-cp38-macosx_10_13_x86_64.whl", hash = "sha256:86ed205bec96fd84e882d431c181560df0cf6f0f73150976303b6f3ff1d9d5ed"},
    {file = "opencolorio-2.2.1-cp38-cp38-macosx_11_0_arm64.whl", hash = "sha256:c1bf1c19baa86203e2329194ea837161520dae5c94e4f04b7659e9bfe4f1a6a9"},
    {file = "opencolorio-2.2.1-cp38-cp38-manylinux_2_17_aarch64.manylinux2014_aarch64.whl", hash = "sha256:639f7052da7086d999c0d84e424453fb44abc8f2d22ec8601d20d8ee9d90384b"},
    {file = "opencolorio-2.2.1-cp38-cp38-manylinux_2_17_x86_64.manylinux2014_x86_64.whl", hash = "sha256:f7e3208c5c1ac63a6e921398db661fdd9309b17253b285f227818713f3faec92"},
    {file = "opencolorio-2.2.1-cp38-cp38-win_amd64.whl", hash = "sha256:68814600c0d8c07b552e1f1e4e32d45bffba4cb49b41481e5d4dd0bc56a206ea"},
    {file = "opencolorio-2.2.1-cp39-cp39-macosx_10_13_x86_64.whl", hash = "sha256:cb5337ac2804dbb90c856b423d2799d3dc35f9c948da25d8e6506d1dd8200df7"},
    {file = "opencolorio-2.2.1-cp39-cp39-macosx_11_0_arm64.whl", hash = "sha256:425593a96de7927aa7cda065dc3729e881de1d0b72c43e704e02962adb63b4ad"},
    {file = "opencolorio-2.2.1-cp39-cp39-manylinux_2_17_aarch64.manylinux2014_aarch64.whl", hash = "sha256:8be9f6af01e4c710de4cc03c9b6de04ef0844bf611e9100abf045ec62a4c685a"},
    {file = "opencolorio-2.2.1-cp39-cp39-manylinux_2_17_x86_64.manylinux2014_x86_64.whl", hash = "sha256:e84788002aa28151409f2367a040e9d39ffea0a9129777451bd0c55ac87d9d47"},
    {file = "opencolorio-2.2.1-cp39-cp39-win_amd64.whl", hash = "sha256:d92802922bc4e2ff3e9a06d44b6055efd1863abb1aaf0243849d35b077b72253"},
    {file = "opencolorio-2.2.1.tar.gz", hash = "sha256:283abb8db5bc18ab9686e08255a9245deaba3d7837be5363b7a69b0902b73a78"},
]
pyyaml = [
    {file = "PyYAML-3.13-cp27-cp27m-win32.whl", hash = "sha256:d5eef459e30b09f5a098b9cea68bebfeb268697f78d647bd255a085371ac7f3f"},
    {file = "PyYAML-3.13-cp27-cp27m-win_amd64.whl", hash = "sha256:e01d3203230e1786cd91ccfdc8f8454c8069c91bee3962ad93b87a4b2860f537"},
    {file = "PyYAML-3.13-cp34-cp34m-win32.whl", hash = "sha256:558dd60b890ba8fd982e05941927a3911dc409a63dcb8b634feaa0cda69330d3"},
    {file = "PyYAML-3.13-cp34-cp34m-win_amd64.whl", hash = "sha256:d46d7982b62e0729ad0175a9bc7e10a566fc07b224d2c79fafb5e032727eaa04"},
    {file = "PyYAML-3.13-cp35-cp35m-win32.whl", hash = "sha256:a7c28b45d9f99102fa092bb213aa12e0aaf9a6a1f5e395d36166639c1f96c3a1"},
    {file = "PyYAML-3.13-cp35-cp35m-win_amd64.whl", hash = "sha256:bc558586e6045763782014934bfaf39d48b8ae85a2713117d16c39864085c613"},
    {file = "PyYAML-3.13-cp36-cp36m-win32.whl", hash = "sha256:40c71b8e076d0550b2e6380bada1f1cd1017b882f7e16f09a65be98e017f211a"},
    {file = "PyYAML-3.13-cp36-cp36m-win_amd64.whl", hash = "sha256:3d7da3009c0f3e783b2c873687652d83b1bbfd5c88e9813fb7e5b03c0dd3108b"},
    {file = "PyYAML-3.13-cp37-cp37m-win32.whl", hash = "sha256:e170a9e6fcfd19021dd29845af83bb79236068bf5fd4df3327c1be18182b2531"},
    {file = "PyYAML-3.13-cp37-cp37m-win_amd64.whl", hash = "sha256:aa7dd4a6a427aed7df6fb7f08a580d68d9b118d90310374716ae90b710280af1"},
    {file = "PyYAML-3.13.tar.gz", hash = "sha256:3ef3092145e9b70e3ddd2c7ad59bdd0252a94dfe3949721633e41344de00a6bf"},
]
